
Microsoft Visual Studio Solution File, Format Version 12.00
# Visual Studio 15
VisualStudioVersion = 15.0.28010.2016
MinimumVisualStudioVersion = 10.0.40219.1
Project("{FAE04EC0-301F-11D3-BF4B-00C04F79EFBC}") = "MVCDemo", "MVCDemo\MVCDemo.csproj", "{C5CC7EB1-A50C-4385-B677-71ED86D9F4BD}"
EndProject
Global
	GlobalSection(SolutionConfigurationPlatforms) = preSolution
		Debug|Any CPU = Debug|Any CPU
		Release|Any CPU = Release|Any CPU
	EndGlobalSection
	GlobalSection(ProjectConfigurationPlatforms) = postSolution
		{C5CC7EB1-A50C-4385-B677-71ED86D9F4BD}.Debug|Any CPU.ActiveCfg = Debug|Any CPU
		{C5CC7EB1-A50C-4385-B677-71ED86D9F4BD}.Debug|Any CPU.Build.0 = Debug|Any CPU
		{C5CC7EB1-A50C-4385-B677-71ED86D9F4BD}.Release|Any CPU.ActiveCfg = Release|Any CPU
		{C5CC7EB1-A50C-4385-B677-71ED86D9F4BD}.Release|Any CPU.Build.0 = Release|Any CPU
	EndGlobalSection
	GlobalSection(SolutionProperties) = preSolution
		HideSolutionNode = FALSE
	EndGlobalSection
	GlobalSection(ExtensibilityGlobals) = postSolution
		SolutionGuid = {64BA82CE-B2DD-4B90-B73C-1F46C04510D3}
	EndGlobalSection
EndGlobal
